
Microsoft Visual Studio Solution File, Format Version 12.00
# Visual Studio 15
VisualStudioVersion = 15.0.28307.271
MinimumVisualStudioVersion = 10.0.40219.1
Project("{FAE04EC0-301F-11D3-BF4B-00C04F79EFBC}") = "TRMDataManager", "TRMDataManager\TRMDataManager.csproj", "{F9DAF841-1238-4946-8F79-8C92CBC8D0D3}"
EndProject
Project("{00D1A9C2-B5F0-4AF3-8072-F6C62B433612}") = "TRMData", "TRMData\TRMData.sqlproj", "{CA2900D7-046E-46C2-A0D9-99318EDAE3E9}"
EndProject
Global
	GlobalSection(SolutionConfigurationPlatforms) = preSolution
		Debug|Any CPU = Debug|Any CPU
		Release|Any CPU = Release|Any CPU
	EndGlobalSection
	GlobalSection(ProjectConfigurationPlatforms) = postSolution
		{F9DAF841-1238-4946-8F79-8C92CBC8D0D3}.Debug|Any CPU.ActiveCfg = Debug|Any CPU
		{F9DAF841-1238-4946-8F79-8C92CBC8D0D3}.Debug|Any CPU.Build.0 = Debug|Any CPU
		{F9DAF841-1238-4946-8F79-8C92CBC8D0D3}.Release|Any CPU.ActiveCfg = Release|Any CPU
		{F9DAF841-1238-4946-8F79-8C92CBC8D0D3}.Release|Any CPU.Build.0 = Release|Any CPU
		{CA2900D7-046E-46C2-A0D9-99318EDAE3E9}.Debug|Any CPU.ActiveCfg = Debug|Any CPU
		{CA2900D7-046E-46C2-A0D9-99318EDAE3E9}.Debug|Any CPU.Build.0 = Debug|Any CPU
		{CA2900D7-046E-46C2-A0D9-99318EDAE3E9}.Debug|Any CPU.Deploy.0 = Debug|Any CPU
		{CA2900D7-046E-46C2-A0D9-99318EDAE3E9}.Release|Any CPU.ActiveCfg = Release|Any CPU
		{CA2900D7-046E-46C2-A0D9-99318EDAE3E9}.Release|Any CPU.Build.0 = Release|Any CPU
		{CA2900D7-046E-46C2-A0D9-99318EDAE3E9}.Release|Any CPU.Deploy.0 = Release|Any CPU
	EndGlobalSection
	GlobalSection(SolutionProperties) = preSolution
		HideSolutionNode = FALSE
	EndGlobalSection
	GlobalSection(ExtensibilityGlobals) = postSolution
		SolutionGuid = {4EE2D4D1-A501-4217-B7C6-EABE1507DD6F}
	EndGlobalSection
EndGlobal
